
Microsoft Visual Studio Solution File, Format Version 12.00
# Visual Studio Version 17
VisualStudioVersion = 17.7.34221.43
MinimumVisualStudioVersion = 10.0.40219.1
Project("{FAE04EC0-301F-11D3-BF4B-00C04F79EFBC}") = "TTS Reader", "TTS Reader\TTS Reader.csproj", "{2B67FBAE-C8EE-42BE-B7F1-2DF9E30B9A07}"
EndProject
Global
	GlobalSection(SolutionConfigurationPlatforms) = preSolution
		Debug|Any CPU = Debug|Any CPU
		Release|Any CPU = Release|Any CPU
	EndGlobalSection
	GlobalSection(ProjectConfigurationPlatforms) = postSolution
		{2B67FBAE-C8EE-42BE-B7F1-2DF9E30B9A07}.Debug|Any CPU.ActiveCfg = Debug|Any CPU
		{2B67FBAE-C8EE-42BE-B7F1-2DF9E30B9A07}.Debug|Any CPU.Build.0 = Debug|Any CPU
		{2B67FBAE-C8EE-42BE-B7F1-2DF9E30B9A07}.Release|Any CPU.ActiveCfg = Release|Any CPU
		{2B67FBAE-C8EE-42BE-B7F1-2DF9E30B9A07}.Release|Any CPU.Build.0 = Release|Any CPU
	EndGlobalSection
	GlobalSection(SolutionProperties) = preSolution
		HideSolutionNode = FALSE
	EndGlobalSection
	GlobalSection(ExtensibilityGlobals) = postSolution
		SolutionGuid = {0FF230C1-A68C-497B-A8BF-4A71EFBC3DD2}
	EndGlobalSection
EndGlobal
